
Microsoft Visual Studio Solution File, Format Version 12.00
# Visual Studio Version 16
VisualStudioVersion = 16.0.30309.148
MinimumVisualStudioVersion = 10.0.40219.1
Project("{FAE04EC0-301F-11D3-BF4B-00C04F79EFBC}") = "ChatAngular", "ChatAngular\ChatAngular.csproj", "{243EC2B5-1D93-4C38-BFBF-57BDB1CA4A2F}"
EndProject
Global
	GlobalSection(SolutionConfigurationPlatforms) = preSolution
		Debug|Any CPU = Debug|Any CPU
		Release|Any CPU = Release|Any CPU
	EndGlobalSection
	GlobalSection(ProjectConfigurationPlatforms) = postSolution
		{243EC2B5-1D93-4C38-BFBF-57BDB1CA4A2F}.Debug|Any CPU.ActiveCfg = Debug|Any CPU
		{243EC2B5-1D93-4C38-BFBF-57BDB1CA4A2F}.Debug|Any CPU.Build.0 = Debug|Any CPU
		{243EC2B5-1D93-4C38-BFBF-57BDB1CA4A2F}.Release|Any CPU.ActiveCfg = Release|Any CPU
		{243EC2B5-1D93-4C38-BFBF-57BDB1CA4A2F}.Release|Any CPU.Build.0 = Release|Any CPU
	EndGlobalSection
	GlobalSection(SolutionProperties) = preSolution
		HideSolutionNode = FALSE
	EndGlobalSection
	GlobalSection(ExtensibilityGlobals) = postSolution
		SolutionGuid = {72337E0F-7883-4F46-8C62-5395167C5637}
	EndGlobalSection
EndGlobal
